
Microsoft Visual Studio Solution File, Format Version 12.00
# Visual Studio Version 16
VisualStudioVersion = 16.0.31624.102
MinimumVisualStudioVersion = 10.0.40219.1
Project("{9A19103F-16F7-4668-BE54-9A1E7A4F7556}") = "LoopRandom", "LoopRandom\LoopRandom.csproj", "{F442221A-EA08-4E38-8075-D19E871D1AC2}"
EndProject
Project("{FAE04EC0-301F-11D3-BF4B-00C04F79EFBC}") = "PINinFLooP", "PINinFLooP\PINinFLooP.csproj", "{47F1EDF1-CBCF-47C7-B1EA-63BBA69E1332}"
EndProject
Project("{FAE04EC0-301F-11D3-BF4B-00C04F79EFBC}") = "RandomNumber", "RandomNumber\RandomNumber.csproj", "{3334F33E-D912-43E4-8CDC-9BB3BC5C4A81}"
EndProject
Project("{FAE04EC0-301F-11D3-BF4B-00C04F79EFBC}") = "GuessingGameIfinite", "GuessingGameIfinite\GuessingGameIfinite.csproj", "{F5A5899B-F19C-400C-9CCF-70DAE25F9B25}"
EndProject
Project("{FAE04EC0-301F-11D3-BF4B-00C04F79EFBC}") = "GaMEKolmKorda", "GaMEKolmKorda\GaMEKolmKorda.csproj", "{A4C067AF-17EC-448F-A360-51178E518A99}"
EndProject
Global
	GlobalSection(SolutionConfigurationPlatforms) = preSolution
		Debug|Any CPU = Debug|Any CPU
		Release|Any CPU = Release|Any CPU
	EndGlobalSection
	GlobalSection(ProjectConfigurationPlatforms) = postSolution
		{F442221A-EA08-4E38-8075-D19E871D1AC2}.Debug|Any CPU.ActiveCfg = Debug|Any CPU
		{F442221A-EA08-4E38-8075-D19E871D1AC2}.Debug|Any CPU.Build.0 = Debug|Any CPU
		{F442221A-EA08-4E38-8075-D19E871D1AC2}.Release|Any CPU.ActiveCfg = Release|Any CPU
		{F442221A-EA08-4E38-8075-D19E871D1AC2}.Release|Any CPU.Build.0 = Release|Any CPU
		{47F1EDF1-CBCF-47C7-B1EA-63BBA69E1332}.Debug|Any CPU.ActiveCfg = Debug|Any CPU
		{47F1EDF1-CBCF-47C7-B1EA-63BBA69E1332}.Debug|Any CPU.Build.0 = Debug|Any CPU
		{47F1EDF1-CBCF-47C7-B1EA-63BBA69E1332}.Release|Any CPU.ActiveCfg = Release|Any CPU
		{47F1EDF1-CBCF-47C7-B1EA-63BBA69E1332}.Release|Any CPU.Build.0 = Release|Any CPU
		{3334F33E-D912-43E4-8CDC-9BB3BC5C4A81}.Debug|Any CPU.ActiveCfg = Debug|Any CPU
		{3334F33E-D912-43E4-8CDC-9BB3BC5C4A81}.Debug|Any CPU.Build.0 = Debug|Any CPU
		{3334F33E-D912-43E4-8CDC-9BB3BC5C4A81}.Release|Any CPU.ActiveCfg = Release|Any CPU
		{3334F33E-D912-43E4-8CDC-9BB3BC5C4A81}.Release|Any CPU.Build.0 = Release|Any CPU
		{F5A5899B-F19C-400C-9CCF-70DAE25F9B25}.Debug|Any CPU.ActiveCfg = Debug|Any CPU
		{F5A5899B-F19C-400C-9CCF-70DAE25F9B25}.Debug|Any CPU.Build.0 = Debug|Any CPU
		{F5A5899B-F19C-400C-9CCF-70DAE25F9B25}.Release|Any CPU.ActiveCfg = Release|Any CPU
		{F5A5899B-F19C-400C-9CCF-70DAE25F9B25}.Release|Any CPU.Build.0 = Release|Any CPU
		{A4C067AF-17EC-448F-A360-51178E518A99}.Debug|Any CPU.ActiveCfg = Debug|Any CPU
		{A4C067AF-17EC-448F-A360-51178E518A99}.Debug|Any CPU.Build.0 = Debug|Any CPU
		{A4C067AF-17EC-448F-A360-51178E518A99}.Release|Any CPU.ActiveCfg = Release|Any CPU
		{A4C067AF-17EC-448F-A360-51178E518A99}.Release|Any CPU.Build.0 = Release|Any CPU
	EndGlobalSection
	GlobalSection(SolutionProperties) = preSolution
		HideSolutionNode = FALSE
	EndGlobalSection
	GlobalSection(ExtensibilityGlobals) = postSolution
		SolutionGuid = {CFB85C04-E4E0-4AB4-BEBD-479CFB63F87E}
	EndGlobalSection
EndGlobal
